// !$*UTF8*$!
{
	archiveVersion = 1;
	classes = {
	};
	objectVersion = 50;
	objects = {

/* Begin PBXBuildFile section */
		9B5997462383377700C96891 /* Rate.swift in Sources */ = {isa = PBXBuildFile; fileRef = 9B5997452383377700C96891 /* Rate.swift */; };
		9BB9F91A2375E59500E9266F /* AppDelegate.swift in Sources */ = {isa = PBXBuildFile; fileRef = 9BB9F9192375E59500E9266F /* AppDelegate.swift */; };
		9BB9F91C2375E59500E9266F /* SceneDelegate.swift in Sources */ = {isa = PBXBuildFile; fileRef = 9BB9F91B2375E59500E9266F /* SceneDelegate.swift */; };
		9BB9F91E2375E59500E9266F /* ViewController.swift in Sources */ = {isa = PBXBuildFile; fileRef = 9BB9F91D2375E59500E9266F /* ViewController.swift */; };
		9BB9F9212375E59500E9266F /* Main.storyboard in Resources */ = {isa = PBXBuildFile; fileRef = 9BB9F91F2375E59500E9266F /* Main.storyboard */; };
		9BB9F9232375E59B00E9266F /* Assets.xcassets in Resources */ = {isa = PBXBuildFile; fileRef = 9BB9F9222375E59B00E9266F /* Assets.xcassets */; };
		9BB9F9262375E59B00E9266F /* LaunchScreen.storyboard in Resources */ = {isa = PBXBuildFile; fileRef = 9BB9F9242375E59B00E9266F /* LaunchScreen.storyboard */; };
		9BB9F9302375FB7D00E9266F /* CurrencyTableViewController.swift in Sources */ = {isa = PBXBuildFile; fileRef = 9BB9F92F2375FB7D00E9266F /* CurrencyTableViewController.swift */; };
/* End PBXBuildFile section */

/* Begin PBXFileReference section */
		9B5997452383377700C96891 /* Rate.swift */ = {isa = PBXFileReference; lastKnownFileType = sourcecode.swift; path = Rate.swift; sourceTree = "<group>"; };
		9BB9F9162375E59500E9266F /* currencyconverter.app */ = {isa = PBXFileReference; explicitFileType = wrapper.application; includeInIndex = 0; path = currencyconverter.app; sourceTree = BUILT_PRODUCTS_DIR; };
		9BB9F9192375E59500E9266F /* AppDelegate.swift */ = {isa = PBXFileReference; lastKnownFileType = sourcecode.swift; path = AppDelegate.swift; sourceTree = "<group>"; };
		9BB9F91B2375E59500E9266F /* SceneDelegate.swift */ = {isa = PBXFileReference; lastKnownFileType = sourcecode.swift; path = SceneDelegate.swift; sourceTree = "<group>"; };
		9BB9F91D2375E59500E9266F /* ViewController.swift */ = {isa = PBXFileReference; lastKnownFileType = sourcecode.swift; path = ViewController.swift; sourceTree = "<group>"; };
		9BB9F9202375E59500E9266F /* Base */ = {isa = PBXFileReference; lastKnownFileType = file.storyboard; name = Base; path = Base.lproj/Main.storyboard; sourceTree = "<group>"; };
		9BB9F9222375E59B00E9266F /* Assets.xcassets */ = {isa = PBXFileReference; lastKnownFileType = folder.assetcatalog; path = Assets.xcassets; sourceTree = "<group>"; };
		9BB9F9252375E59B00E9266F /* Base */ = {isa = PBXFileReference; lastKnownFileType = file.storyboard; name = Base; path = Base.lproj/LaunchScreen.storyboard; sourceTree = "<group>"; };
		9BB9F9272375E59B00E9266F /* Info.plist */ = {isa = PBXFileReference; lastKnownFileType = text.plist.xml; path = Info.plist; sourceTree = "<group>"; };
		9BB9F92F2375FB7D00E9266F /* CurrencyTableViewController.swift */ = {isa = PBXFileReference; lastKnownFileType = sourcecode.swift; path = CurrencyTableViewController.swift; sourceTree = "<group>"; };
/* End PBXFileReference section */

/* Begin PBXFrameworksBuildPhase section */
		9BB9F9132375E59500E9266F /* Frameworks */ = {
			isa = PBXFrameworksBuildPhase;
			buildActionMask = 2147483647;
			files = (
			);
			runOnlyForDeploymentPostprocessing = 0;
		};
/* End PBXFrameworksBuildPhase section */

/* Begin PBXGroup section */
		9BB9F90D2375E59500E9266F = {
			isa = PBXGroup;
			children = (
				9BB9F9182375E59500E9266F /* currencyconverter */,
				9BB9F9172375E59500E9266F /* Products */,
			);
			sourceTree = "<group>";
		};
		9BB9F9172375E59500E9266F /* Products */ = {
			isa = PBXGroup;
			children = (
				9BB9F9162375E59500E9266F /* currencyconverter.app */,
			);
			name = Products;
			sourceTree = "<group>";
		};
		9BB9F9182375E59500E9266F /* currencyconverter */ = {
			isa = PBXGroup;
			children = (
				9BB9F9192375E59500E9266F /* AppDelegate.swift */,
				9BB9F91B2375E59500E9266F /* SceneDelegate.swift */,
				9BB9F91D2375E59500E9266F /* ViewController.swift */,
				9BB9F91F2375E59500E9266F /* Main.storyboard */,
				9BB9F9242375E59B00E9266F /* LaunchScreen.storyboard */,
				9BB9F9222375E59B00E9266F /* Assets.xcassets */,
				9BB9F9272375E59B00E9266F /* Info.plist */,
				9BB9F92F2375FB7D00E9266F /* CurrencyTableViewController.swift */,
				9B5997452383377700C96891 /* Rate.swift */,
			);
			path = currencyconverter;
			sourceTree = "<group>";
		};
/* End PBXGroup section */

/* Begin PBXNativeTarget section */
		9BB9F9152375E59500E9266F /* currencyconverter */ = {
			isa = PBXNativeTarget;
			buildConfigurationList = 9BB9F92A2375E59B00E9266F /* Build configuration list for PBXNativeTarget "currencyconverter" */;
			buildPhases = (
				9BB9F9122375E59500E9266F /* Sources */,
				9BB9F9132375E59500E9266F /* Frameworks */,
				9BB9F9142375E59500E9266F /* Resources */,
			);
			buildRules = (
			);
			dependencies = (
			);
			name = currencyconverter;
			productName = currencyconverter;
			productReference = 9BB9F9162375E59500E9266F /* currencyconverter.app */;
			productType = "com.apple.product-type.application";
		};
/* End PBXNativeTarget section */

/* Begin PBXProject section */
		9BB9F90E2375E59500E9266F /* Project object */ = {
			isa = PBXProject;
			attributes = {
				LastSwiftUpdateCheck = 1120;
				LastUpgradeCheck = 1120;
				ORGANIZATIONNAME = MacStudent;
				TargetAttributes = {
					9BB9F9152375E59500E9266F = {
						CreatedOnToolsVersion = 11.2;
					};
				};
			};
			buildConfigurationList = 9BB9F9112375E59500E9266F /* Build configuration list for PBXProject "currencyconverter" */;
			compatibilityVersion = "Xcode 9.3";
			developmentRegion = en;
			hasScannedForEncodings = 0;
			knownRegions = (
				en,
				Base,
			);
			mainGroup = 9BB9F90D2375E59500E9266F;
			productRefGroup = 9BB9F9172375E59500E9266F /* Products */;
			projectDirPath = "";
			projectRoot = "";
			targets = (
				9BB9F9152375E59500E9266F /* currencyconverter */,
			);
		};
/* End PBXProject section */

/* Begin PBXResourcesBuildPhase section */
		9BB9F9142375E59500E9266F /* Resources */ = {
			isa = PBXResourcesBuildPhase;
			buildActionMask = 2147483647;
			files = (
				9BB9F9262375E59B00E9266F /* LaunchScreen.storyboard in Resources */,
				9BB9F9232375E59B00E9266F /* Assets.xcassets in Resources */,
				9BB9F9212375E59500E9266F /* Main.storyboard in Resources */,
			);
			runOnlyForDeploymentPostprocessing = 0;
		};
/* End PBXResourcesBuildPhase section */

/* Begin PBXSourcesBuildPhase section */
		9BB9F9122375E59500E9266F /* Sources */ = {
			isa = PBXSourcesBuildPhase;
			buildActionMask = 2147483647;
			files = (
				9BB9F91E2375E59500E9266F /* ViewController.swift in Sources */,
				9BB9F91A2375E59500E9266F /* AppDelegate.swift in Sources */,
				9BB9F91C2375E59500E9266F /* SceneDelegate.swift in Sources */,
				9B5997462383377700C96891 /* Rate.swift in Sources */,
				9BB9F9302375FB7D00E9266F /* CurrencyTableViewController.swift in Sources */,
			);
			runOnlyForDeploymentPostprocessing = 0;
		};
/* End PBXSourcesBuildPhase section */

/* Begin PBXVariantGroup section */
		9BB9F91F2375E59500E9266F /* Main.storyboard */ = {
			isa = PBXVariantGroup;
			children = (
				9BB9F9202375E59500E9266F /* Base */,
			);
			name = Main.storyboard;
			sourceTree = "<group>";
		};
		9BB9F9242375E59B00E9266F /* LaunchScreen.storyboard */ = {
			isa = PBXVariantGroup;
			children = (
				9BB9F9252375E59B00E9266F /* Base */,
			);
			name = LaunchScreen.storyboard;
			sourceTree = "<group>";
		};
/* End PBXVariantGroup section */

/* Begin XCBuildConfiguration section */
		9BB9F9282375E59B00E9266F /* Debug */ = {
			isa = XCBuildConfiguration;
			buildSettings = {
				ALWAYS_SEARCH_USER_PATHS = NO;
				CLANG_ANALYZER_NONNULL = YES;
				CLANG_ANALYZER_NUMBER_OBJECT_CONVERSION = YES_AGGRESSIVE;
				CLANG_CXX_LANGUAGE_STANDARD = "gnu++14";
				CLANG_CXX_LIBRARY = "libc++";
				CLANG_ENABLE_MODULES = YES;
				CLANG_ENABLE_OBJC_ARC = YES;
				CLANG_ENABLE_OBJC_WEAK = YES;
				CLANG_WARN_BLOCK_CAPTURE_AUTORELEASING = YES;
				CLANG_WARN_BOOL_CONVERSION = YES;
				CLANG_WARN_COMMA = YES;
				CLANG_WARN_CONSTANT_CONVERSION = YES;
				CLANG_WARN_DEPRECATED_OBJC_IMPLEMENTATIONS = YES;
				CLANG_WARN_DIRECT_OBJC_ISA_USAGE = YES_ERROR;
				CLANG_WARN_DOCUMENTATION_COMMENTS = YES;
				CLANG_WARN_EMPTY_BODY = YES;
				CLANG_WARN_ENUM_CONVERSION = YES;
				CLANG_WARN_INFINITE_RECURSION = YES;
				CLANG_WARN_INT_CONVERSION = YES;
				CLANG_WARN_NON_LITERAL_NULL_CONVERSION = YES;
				CLANG_WARN_OBJC_IMPLICIT_RETAIN_SELF = YES;
				CLANG_WARN_OBJC_LITERAL_CONVERSION = YES;
				CLANG_WARN_OBJC_ROOT_CLASS = YES_ERROR;
				CLANG_WARN_RANGE_LOOP_ANALYSIS = YES;
				CLANG_WARN_STRICT_PROTOTYPES = YES;
				CLANG_WARN_SUSPICIOUS_MOVE = YES;
				CLANG_WARN_UNGUARDED_AVAILABILITY = YES_AGGRESSIVE;
				CLANG_WARN_UNREACHABLE_CODE = YES;
				CLANG_WARN__DUPLICATE_METHOD_MATCH = YES;
				COPY_PHASE_STRIP = NO;
				DEBUG_INFORMATION_FORMAT = dwarf;
				ENABLE_STRICT_OBJC_MSGSEND = YES;
				ENABLE_TESTABILITY = YES;
				GCC_C_LANGUAGE_STANDARD = gnu11;
				GCC_DYNAMIC_NO_PIC = NO;
				GCC_NO_COMMON_BLOCKS = YES;
				GCC_OPTIMIZATION_LEVEL = 0;
				GCC_PREPROCESSOR_DEFINITIONS = (
					"DEBUG=1",
					"$(inherited)",
				);
				GCC_WARN_64_TO_32_BIT_CONVERSION = YES;
				GCC_WARN_ABOUT_RETURN_TYPE = YES_ERROR;
				GCC_WARN_UNDECLARED_SELECTOR = YES;
				GCC_WARN_UNINITIALIZED_AUTOS = YES_AGGRESSIVE;
				GCC_WARN_UNUSED_FUNCTION = YES;
				GCC_WARN_UNUSED_VARIABLE = YES;
				IPHONEOS_DEPLOYMENT_TARGET = 13.2;
				MTL_ENABLE_DEBUG_INFO = INCLUDE_SOURCE;
				MTL_FAST_MATH = YES;
				ONLY_ACTIVE_ARCH = YES;
				SDKROOT = iphoneos;
				SWIFT_ACTIVE_COMPILATION_CONDITIONS = DEBUG;
				SWIFT_OPTIMIZATION_LEVEL = "-Onone";
			};
			name = Debug;
		};
		9BB9F9292375E59B00E9266F /* Release */ = {
			isa = XCBuildConfiguration;
			buildSettings = {
				ALWAYS_SEARCH_USER_PATHS = NO;
				CLANG_ANALYZER_NONNULL = YES;
				CLANG_ANALYZER_NUMBER_OBJECT_CONVERSION = YES_AGGRESSIVE;
				CLANG_CXX_LANGUAGE_STANDARD = "gnu++14";
				CLANG_CXX_LIBRARY = "libc++";
				CLANG_ENABLE_MODULES = YES;
				CLANG_ENABLE_OBJC_ARC = YES;
				CLANG_ENABLE_OBJC_WEAK = YES;
				CLANG_WARN_BLOCK_CAPTURE_AUTORELEASING = YES;
				CLANG_WARN_BOOL_CONVERSION = YES;
				CLANG_WARN_COMMA = YES;
				CLANG_WARN_CONSTANT_CONVERSION = YES;
				CLANG_WARN_DEPRECATED_OBJC_IMPLEMENTATIONS = YES;
				CLANG_WARN_DIRECT_OBJC_ISA_USAGE = YES_ERROR;
				CLANG_WARN_DOCUMENTATION_COMMENTS = YES;
				CLANG_WARN_EMPTY_BODY = YES;
				CLANG_WARN_ENUM_CONVERSION = YES;
				CLANG_WARN_INFINITE_RECURSION = YES;
				CLANG_WARN_INT_CONVERSION = YES;
				CLANG_WARN_NON_LITERAL_NULL_CONVERSION = YES;
				CLANG_WARN_OBJC_IMPLICIT_RETAIN_SELF = YES;
				CLANG_WARN_OBJC_LITERAL_CONVERSION = YES;
				CLANG_WARN_OBJC_ROOT_CLASS = YES_ERROR;
				CLANG_WARN_RANGE_LOOP_ANALYSIS = YES;
				CLANG_WARN_STRICT_PROTOTYPES = YES;
				CLANG_WARN_SUSPICIOUS_MOVE = YES;
				CLANG_WARN_UNGUARDED_AVAILABILITY = YES_AGGRESSIVE;
				CLANG_WARN_UNREACHABLE_CODE = YES;
				CLANG_WARN__DUPLICATE_METHOD_MATCH = YES;
				COPY_PHASE_STRIP = NO;
				DEBUG_INFORMATION_FORMAT = "dwarf-with-dsym";
				ENABLE_NS_ASSERTIONS = NO;
				ENABLE_STRICT_OBJC_MSGSEND = YES;
				GCC_C_LANGUAGE_STANDARD = gnu11;
				GCC_NO_COMMON_BLOCKS = YES;
				GCC_WARN_64_TO_32_BIT_CONVERSION = YES;
				GCC_WARN_ABOUT_RETURN_TYPE = YES_ERROR;
				GCC_WARN_UNDECLARED_SELECTOR = YES;
				GCC_WARN_UNINITIALIZED_AUTOS = YES_AGGRESSIVE;
				GCC_WARN_UNUSED_FUNCTION = YES;
				GCC_WARN_UNUSED_VARIABLE = YES;
				IPHONEOS_DEPLOYMENT_TARGET = 13.2;
				MTL_ENABLE_DEBUG_INFO = NO;
				MTL_FAST_MATH = YES;
				SDKROOT = iphoneos;
				SWIFT_COMPILATION_MODE = wholemodule;
				SWIFT_OPTIMIZATION_LEVEL = "-O";
				VALIDATE_PRODUCT = YES;
			};
			name = Release;
		};
		9BB9F92B2375E59B00E9266F /* Debug */ = {
			isa = XCBuildConfiguration;
			buildSettings = {
				ASSETCATALOG_COMPILER_APPICON_NAME = AppIcon;
				CODE_SIGN_STYLE = Automatic;
				INFOPLIST_FILE = currencyconverter/Info.plist;
				LD_RUNPATH_SEARCH_PATHS = (
					"$(inherited)",
					"@executable_path/Frameworks",
				);
				PRODUCT_BUNDLE_IDENTIFIER = com.saman.currencyconverter;
				PRODUCT_NAME = "$(TARGET_NAME)";
				SWIFT_VERSION = 5.0;
				TARGETED_DEVICE_FAMILY = "1,2";
			};
			name = Debug;
		};
		9BB9F92C2375E59B00E9266F /* Release */ = {
			isa = XCBuildConfiguration;
			buildSettings = {
				ASSETCATALOG_COMPILER_APPICON_NAME = AppIcon;
				CODE_SIGN_STYLE = Automatic;
				INFOPLIST_FILE = currencyconverter/Info.plist;
				LD_RUNPATH_SEARCH_PATHS = (
					"$(inherited)",
					"@executable_path/Frameworks",
				);
				PRODUCT_BUNDLE_IDENTIFIER = com.saman.currencyconverter;
				PRODUCT_NAME = "$(TARGET_NAME)";
				SWIFT_VERSION = 5.0;
				TARGETED_DEVICE_FAMILY = "1,2";
			};
			name = Release;
		};
/* End XCBuildConfiguration section */

/* Begin XCConfigurationList section */
		9BB9F9112375E59500E9266F /* Build configuration list for PBXProject "currencyconverter" */ = {
			isa = XCConfigurationList;
			buildConfigurations = (
				9BB9F9282375E59B00E9266F /* Debug */,
				9BB9F9292375E59B00E9266F /* Release */,
			);
			defaultConfigurationIsVisible = 0;
			defaultConfigurationName = Release;
		};
		9BB9F92A2375E59B00E9266F /* Build configuration list for PBXNativeTarget "currencyconverter" */ = {
			isa = XCConfigurationList;
			buildConfigurations = (
				9BB9F92B2375E59B00E9266F /* Debug */,
				9BB9F92C2375E59B00E9266F /* Release */,
			);
			defaultConfigurationIsVisible = 0;
			defaultConfigurationName = Release;
		};
/* End XCConfigurationList section */
	};
	rootObject = 9BB9F90E2375E59500E9266F /* Project object */;
}
